
Microsoft Visual Studio Solution File, Format Version 12.00
# Visual Studio Version 17
VisualStudioVersion = 17.8.34322.80
MinimumVisualStudioVersion = 10.0.40219.1
Project("{9A19103F-16F7-4668-BE54-9A1E7A4F7556}") = "Day1", "Day1\Day1.csproj", "{21C4C15B-83C7-4080-AC63-B7AD4A47A47C}"
EndProject
Project("{9A19103F-16F7-4668-BE54-9A1E7A4F7556}") = "Day2", "Day2\Day2.csproj", "{7C759792-4AFC-4BC2-89F5-0B094C4A89EF}"
EndProject
Project("{9A19103F-16F7-4668-BE54-9A1E7A4F7556}") = "Day3", "Day3\Day3.csproj", "{457B1FD3-69FB-48EA-A15D-89CE3558B63F}"
EndProject
Project("{9A19103F-16F7-4668-BE54-9A1E7A4F7556}") = "Day4", "Day4\Day4.csproj", "{06D664C3-930A-4FD1-9C9E-9880B4A7C7C4}"
EndProject
Project("{9A19103F-16F7-4668-BE54-9A1E7A4F7556}") = "Day5", "Day5\Day5.csproj", "{4E8B8E84-7DA4-45C2-965F-921AEA6D81F6}"
EndProject
Project("{FAE04EC0-301F-11D3-BF4B-00C04F79EFBC}") = "Day6", "Day6\Day6.csproj", "{869678AA-EDF8-4875-A67D-11ABD23E4800}"
EndProject
Project("{FAE04EC0-301F-11D3-BF4B-00C04F79EFBC}") = "Day7", "Day7\Day7.csproj", "{A7543EA8-63A5-46F1-9EE8-E36ECF1C0F07}"
EndProject
Global
	GlobalSection(SolutionConfigurationPlatforms) = preSolution
		Debug|Any CPU = Debug|Any CPU
		Release|Any CPU = Release|Any CPU
	EndGlobalSection
	GlobalSection(ProjectConfigurationPlatforms) = postSolution
		{21C4C15B-83C7-4080-AC63-B7AD4A47A47C}.Debug|Any CPU.ActiveCfg = Debug|Any CPU
		{21C4C15B-83C7-4080-AC63-B7AD4A47A47C}.Debug|Any CPU.Build.0 = Debug|Any CPU
		{21C4C15B-83C7-4080-AC63-B7AD4A47A47C}.Release|Any CPU.ActiveCfg = Release|Any CPU
		{21C4C15B-83C7-4080-AC63-B7AD4A47A47C}.Release|Any CPU.Build.0 = Release|Any CPU
		{7C759792-4AFC-4BC2-89F5-0B094C4A89EF}.Debug|Any CPU.ActiveCfg = Debug|Any CPU
		{7C759792-4AFC-4BC2-89F5-0B094C4A89EF}.Debug|Any CPU.Build.0 = Debug|Any CPU
		{7C759792-4AFC-4BC2-89F5-0B094C4A89EF}.Release|Any CPU.ActiveCfg = Release|Any CPU
		{7C759792-4AFC-4BC2-89F5-0B094C4A89EF}.Release|Any CPU.Build.0 = Release|Any CPU
		{457B1FD3-69FB-48EA-A15D-89CE3558B63F}.Debug|Any CPU.ActiveCfg = Debug|Any CPU
		{457B1FD3-69FB-48EA-A15D-89CE3558B63F}.Debug|Any CPU.Build.0 = Debug|Any CPU
		{457B1FD3-69FB-48EA-A15D-89CE3558B63F}.Release|Any CPU.ActiveCfg = Release|Any CPU
		{457B1FD3-69FB-48EA-A15D-89CE3558B63F}.Release|Any CPU.Build.0 = Release|Any CPU
		{06D664C3-930A-4FD1-9C9E-9880B4A7C7C4}.Debug|Any CPU.ActiveCfg = Debug|Any CPU
		{06D664C3-930A-4FD1-9C9E-9880B4A7C7C4}.Debug|Any CPU.Build.0 = Debug|Any CPU
		{06D664C3-930A-4FD1-9C9E-9880B4A7C7C4}.Release|Any CPU.ActiveCfg = Release|Any CPU
		{06D664C3-930A-4FD1-9C9E-9880B4A7C7C4}.Release|Any CPU.Build.0 = Release|Any CPU
		{4E8B8E84-7DA4-45C2-965F-921AEA6D81F6}.Debug|Any CPU.ActiveCfg = Debug|Any CPU
		{4E8B8E84-7DA4-45C2-965F-921AEA6D81F6}.Debug|Any CPU.Build.0 = Debug|Any CPU
		{4E8B8E84-7DA4-45C2-965F-921AEA6D81F6}.Release|Any CPU.ActiveCfg = Release|Any CPU
		{4E8B8E84-7DA4-45C2-965F-921AEA6D81F6}.Release|Any CPU.Build.0 = Release|Any CPU
		{869678AA-EDF8-4875-A67D-11ABD23E4800}.Debug|Any CPU.ActiveCfg = Debug|Any CPU
		{869678AA-EDF8-4875-A67D-11ABD23E4800}.Debug|Any CPU.Build.0 = Debug|Any CPU
		{869678AA-EDF8-4875-A67D-11ABD23E4800}.Release|Any CPU.ActiveCfg = Release|Any CPU
		{869678AA-EDF8-4875-A67D-11ABD23E4800}.Release|Any CPU.Build.0 = Release|Any CPU
		{A7543EA8-63A5-46F1-9EE8-E36ECF1C0F07}.Debug|Any CPU.ActiveCfg = Debug|Any CPU
		{A7543EA8-63A5-46F1-9EE8-E36ECF1C0F07}.Debug|Any CPU.Build.0 = Debug|Any CPU
		{A7543EA8-63A5-46F1-9EE8-E36ECF1C0F07}.Release|Any CPU.ActiveCfg = Release|Any CPU
		{A7543EA8-63A5-46F1-9EE8-E36ECF1C0F07}.Release|Any CPU.Build.0 = Release|Any CPU
	EndGlobalSection
	GlobalSection(SolutionProperties) = preSolution
		HideSolutionNode = FALSE
	EndGlobalSection
EndGlobal
